
Microsoft Visual Studio Solution File, Format Version 12.00
# Visual Studio 2012
Project("{FAE04EC0-301F-11D3-BF4B-00C04F79EFBC}") = "HaruApp", "HaruApp\HaruApp.csproj", "{94E9332F-10CF-4FD8-94E0-9797A93C3F65}"
EndProject
Project("{FAE04EC0-301F-11D3-BF4B-00C04F79EFBC}") = "HaruCore", "HaruCore\HaruCore.csproj", "{266504F0-A06D-45C2-9BD5-31ACD54D1882}"
EndProject
Project("{FAE04EC0-301F-11D3-BF4B-00C04F79EFBC}") = "HaruAgent", "HaruAgent\HaruAgent.csproj", "{65EC893A-69AA-4743-A85A-16838A115E34}"
EndProject
Project("{2150E333-8FDC-42A3-9474-1A3956D46DE8}") = ".nuget", ".nuget", "{29891266-DE05-42F6-BE32-C829346C7F90}"
	ProjectSection(SolutionItems) = preProject
		.nuget\NuGet.Config = .nuget\NuGet.Config
		.nuget\NuGet.exe = .nuget\NuGet.exe
		.nuget\NuGet.pdb = .nuget\NuGet.pdb
		.nuget\NuGet.targets = .nuget\NuGet.targets
	EndProjectSection
EndProject
Global
	GlobalSection(SolutionConfigurationPlatforms) = preSolution
		Debug|Any CPU = Debug|Any CPU
		Release|Any CPU = Release|Any CPU
	EndGlobalSection
	GlobalSection(ProjectConfigurationPlatforms) = postSolution
		{94E9332F-10CF-4FD8-94E0-9797A93C3F65}.Debug|Any CPU.ActiveCfg = Debug|Any CPU
		{94E9332F-10CF-4FD8-94E0-9797A93C3F65}.Debug|Any CPU.Build.0 = Debug|Any CPU
		{94E9332F-10CF-4FD8-94E0-9797A93C3F65}.Debug|Any CPU.Deploy.0 = Debug|Any CPU
		{94E9332F-10CF-4FD8-94E0-9797A93C3F65}.Release|Any CPU.ActiveCfg = Release|Any CPU
		{94E9332F-10CF-4FD8-94E0-9797A93C3F65}.Release|Any CPU.Build.0 = Release|Any CPU
		{94E9332F-10CF-4FD8-94E0-9797A93C3F65}.Release|Any CPU.Deploy.0 = Release|Any CPU
		{266504F0-A06D-45C2-9BD5-31ACD54D1882}.Debug|Any CPU.ActiveCfg = Debug|Any CPU
		{266504F0-A06D-45C2-9BD5-31ACD54D1882}.Debug|Any CPU.Build.0 = Debug|Any CPU
		{266504F0-A06D-45C2-9BD5-31ACD54D1882}.Release|Any CPU.ActiveCfg = Release|Any CPU
		{266504F0-A06D-45C2-9BD5-31ACD54D1882}.Release|Any CPU.Build.0 = Release|Any CPU
		{65EC893A-69AA-4743-A85A-16838A115E34}.Debug|Any CPU.ActiveCfg = Debug|Any CPU
		{65EC893A-69AA-4743-A85A-16838A115E34}.Debug|Any CPU.Build.0 = Debug|Any CPU
		{65EC893A-69AA-4743-A85A-16838A115E34}.Release|Any CPU.ActiveCfg = Release|Any CPU
		{65EC893A-69AA-4743-A85A-16838A115E34}.Release|Any CPU.Build.0 = Release|Any CPU
	EndGlobalSection
	GlobalSection(SolutionProperties) = preSolution
		HideSolutionNode = FALSE
	EndGlobalSection
EndGlobal
